
Microsoft Visual Studio Solution File, Format Version 12.00
# Visual Studio Version 16
VisualStudioVersion = 16.0.29613.14
MinimumVisualStudioVersion = 10.0.40219.1
Project("{FAE04EC0-301F-11D3-BF4B-00C04F79EFBC}") = "fajlkezeles-II", "fajlkezeles-II\fajlkezeles-II.csproj", "{BAAB9633-2853-418D-9C17-2649F177C94F}"
EndProject
Global
	GlobalSection(SolutionConfigurationPlatforms) = preSolution
		Debug|Any CPU = Debug|Any CPU
		Release|Any CPU = Release|Any CPU
	EndGlobalSection
	GlobalSection(ProjectConfigurationPlatforms) = postSolution
		{BAAB9633-2853-418D-9C17-2649F177C94F}.Debug|Any CPU.ActiveCfg = Debug|Any CPU
		{BAAB9633-2853-418D-9C17-2649F177C94F}.Debug|Any CPU.Build.0 = Debug|Any CPU
		{BAAB9633-2853-418D-9C17-2649F177C94F}.Release|Any CPU.ActiveCfg = Release|Any CPU
		{BAAB9633-2853-418D-9C17-2649F177C94F}.Release|Any CPU.Build.0 = Release|Any CPU
	EndGlobalSection
	GlobalSection(SolutionProperties) = preSolution
		HideSolutionNode = FALSE
	EndGlobalSection
	GlobalSection(ExtensibilityGlobals) = postSolution
		SolutionGuid = {C99ABDD0-7A28-4A39-8513-8F7ED7B58607}
	EndGlobalSection
EndGlobal
